{
  "name": "auto-apo-app",
  "version": "0.1.0",
  "lockfileVersion": 3,
  "requires": true,
  "packages": {
    "": {
      "name": "auto-apo-app",
      "version": "0.1.0",
      "license": "UNLICENSED",
      "dependencies": {
        "corp-lead-kit": "file:../corp-lead-kit"
      },
      "engines": {
        "node": ">=22"
      }
    },
    "../corp-lead-kit": {
      "version": "0.1.0",
      "license": "UNLICENSED",
      "dependencies": {
        "@anthropic-ai/sdk": "^0.65.0",
        "cheerio": "^1.0.0",
        "p-limit": "^3.1.0",
        "playwright": "^1.55.0"
      },
      "engines": {
        "node": ">=22"
      }
    },
    "node_modules/corp-lead-kit": {
      "resolved": "../corp-lead-kit",
      "link": true
    }
  }
}
